Microsoft Visual Studio Solution File, Format Version 12.00
# Visual Studio Version 17
VisualStudioVersion = 17.5.2.0
MinimumVisualStudioVersion = 10.0.40219.1
Project("{FAE04EC0-301F-11D3-BF4B-00C04F79EFBC}") = "BugSearchBackend", "backend\BugSearchBackend.csproj", "{BF339CB7-DCA4-4CE4-FE97-092C1459CE41}"
EndProject
Global
	GlobalSection(SolutionConfigurationPlatforms) = preSolution
		Debug|Any CPU = Debug|Any CPU
		Release|Any CPU = Release|Any CPU
	EndGlobalSection
	GlobalSection(ProjectConfigurationPlatforms) = postSolution
		{BF339CB7-DCA4-4CE4-FE97-092C1459CE41}.Debug|Any CPU.ActiveCfg = Debug|Any CPU
		{BF339CB7-DCA4-4CE4-FE97-092C1459CE41}.Debug|Any CPU.Build.0 = Debug|Any CPU
		{BF339CB7-DCA4-4CE4-FE97-092C1459CE41}.Release|Any CPU.ActiveCfg = Release|Any CPU
		{BF339CB7-DCA4-4CE4-FE97-092C1459CE41}.Release|Any CPU.Build.0 = Release|Any CPU
	EndGlobalSection
	GlobalSection(SolutionProperties) = preSolution
		HideSolutionNode = FALSE
	EndGlobalSection
	GlobalSection(ExtensibilityGlobals) = postSolution
		SolutionGuid = {704A9460-E070-4845-8CD0-5D946C726B9B}
	EndGlobalSection
EndGlobal
